// !$*UTF8*$!
{
	archiveVersion = 1;
	classes = {
	};
	objectVersion = 55;
	objects = {

/* Begin PBXBuildFile section */
		30BB945E27E93CFD00D95B30 /* AppDelegate.swift in Sources */ = {isa = PBXBuildFile; fileRef = 30BB945D27E93CFD00D95B30 /* AppDelegate.swift */; };
		30BB946027E93CFD00D95B30 /* SceneDelegate.swift in Sources */ = {isa = PBXBuildFile; fileRef = 30BB945F27E93CFD00D95B30 /* SceneDelegate.swift */; };
		30BB946227E93CFD00D95B30 /* ViewController.swift in Sources */ = {isa = PBXBuildFile; fileRef = 30BB946127E93CFD00D95B30 /* ViewController.swift */; };
		30BB946527E93CFD00D95B30 /* Main.storyboard in Resources */ = {isa = PBXBuildFile; fileRef = 30BB946327E93CFD00D95B30 /* Main.storyboard */; };
		30BB946727E93CFE00D95B30 /* Assets.xcassets in Resources */ = {isa = PBXBuildFile; fileRef = 30BB946627E93CFE00D95B30 /* Assets.xcassets */; };
		30BB946A27E93CFE00D95B30 /* LaunchScreen.storyboard in Resources */ = {isa = PBXBuildFile; fileRef = 30BB946827E93CFE00D95B30 /* LaunchScreen.storyboard */; };
		30BB947427E93D4200D95B30 /* CustomCollectionViewCell.swift in Sources */ = {isa = PBXBuildFile; fileRef = 30BB947227E93D4200D95B30 /* CustomCollectionViewCell.swift */; };
		30BB947527E93D4200D95B30 /* CustomCollectionViewCell.xib in Resources */ = {isa = PBXBuildFile; fileRef = 30BB947327E93D4200D95B30 /* CustomCollectionViewCell.xib */; };
		30BB947727E93EF700D95B30 /* Dados.swift in Sources */ = {isa = PBXBuildFile; fileRef = 30BB947627E93EF700D95B30 /* Dados.swift */; };
/* End PBXBuildFile section */

/* Begin PBXFileReference section */
		30BB945A27E93CFD00D95B30 /* Desafio21-03-2022.app */ = {isa = PBXFileReference; explicitFileType = wrapper.application; includeInIndex = 0; path = "Desafio21-03-2022.app"; sourceTree = BUILT_PRODUCTS_DIR; };
		30BB945D27E93CFD00D95B30 /* AppDelegate.swift */ = {isa = PBXFileReference; lastKnownFileType = sourcecode.swift; path = AppDelegate.swift; sourceTree = "<group>"; };
		30BB945F27E93CFD00D95B30 /* SceneDelegate.swift */ = {isa = PBXFileReference; lastKnownFileType = sourcecode.swift; path = SceneDelegate.swift; sourceTree = "<group>"; };
		30BB946127E93CFD00D95B30 /* ViewController.swift */ = {isa = PBXFileReference; lastKnownFileType = sourcecode.swift; path = ViewController.swift; sourceTree = "<group>"; };
		30BB946427E93CFD00D95B30 /* Base */ = {isa = PBXFileReference; lastKnownFileType = file.storyboard; name = Base; path = Base.lproj/Main.storyboard; sourceTree = "<group>"; };
		30BB946627E93CFE00D95B30 /* Assets.xcassets */ = {isa = PBXFileReference; lastKnownFileType = folder.assetcatalog; path = Assets.xcassets; sourceTree = "<group>"; };
		30BB946927E93CFE00D95B30 /* Base */ = {isa = PBXFileReference; lastKnownFileType = file.storyboard; name = Base; path = Base.lproj/LaunchScreen.storyboard; sourceTree = "<group>"; };
		30BB946B27E93CFE00D95B30 /* Info.plist */ = {isa = PBXFileReference; lastKnownFileType = text.plist.xml; path = Info.plist; sourceTree = "<group>"; };
		30BB947227E93D4200D95B30 /* CustomCollectionViewCell.swift */ = {isa = PBXFileReference; lastKnownFileType = sourcecode.swift; path = CustomCollectionViewCell.swift; sourceTree = "<group>"; };
		30BB947327E93D4200D95B30 /* CustomCollectionViewCell.xib */ = {isa = PBXFileReference; lastKnownFileType = file.xib; path = CustomCollectionViewCell.xib; sourceTree = "<group>"; };
		30BB947627E93EF700D95B30 /* Dados.swift */ = {isa = PBXFileReference; lastKnownFileType = sourcecode.swift; path = Dados.swift; sourceTree = "<group>"; };
/* End PBXFileReference section */

/* Begin PBXFrameworksBuildPhase section */
		30BB945727E93CFD00D95B30 /* Frameworks */ = {
			isa = PBXFrameworksBuildPhase;
			buildActionMask = 2147483647;
			files = (
			);
			runOnlyForDeploymentPostprocessing = 0;
		};
/* End PBXFrameworksBuildPhase section */

/* Begin PBXGroup section */
		30BB945127E93CFD00D95B30 = {
			isa = PBXGroup;
			children = (
				30BB945C27E93CFD00D95B30 /* Desafio21-03-2022 */,
				30BB945B27E93CFD00D95B30 /* Products */,
			);
			sourceTree = "<group>";
		};
		30BB945B27E93CFD00D95B30 /* Products */ = {
			isa = PBXGroup;
			children = (
				30BB945A27E93CFD00D95B30 /* Desafio21-03-2022.app */,
			);
			name = Products;
			sourceTree = "<group>";
		};
		30BB945C27E93CFD00D95B30 /* Desafio21-03-2022 */ = {
			isa = PBXGroup;
			children = (
				30BB947127E93D0F00D95B30 /* Cell */,
				30BB945D27E93CFD00D95B30 /* AppDelegate.swift */,
				30BB945F27E93CFD00D95B30 /* SceneDelegate.swift */,
				30BB946127E93CFD00D95B30 /* ViewController.swift */,
				30BB946327E93CFD00D95B30 /* Main.storyboard */,
				30BB946627E93CFE00D95B30 /* Assets.xcassets */,
				30BB946827E93CFE00D95B30 /* LaunchScreen.storyboard */,
				30BB946B27E93CFE00D95B30 /* Info.plist */,
				30BB947627E93EF700D95B30 /* Dados.swift */,
			);
			path = "Desafio21-03-2022";
			sourceTree = "<group>";
		};
		30BB947127E93D0F00D95B30 /* Cell */ = {
			isa = PBXGroup;
			children = (
				30BB947227E93D4200D95B30 /* CustomCollectionViewCell.swift */,
				30BB947327E93D4200D95B30 /* CustomCollectionViewCell.xib */,
			);
			path = Cell;
			sourceTree = "<group>";
		};
/* End PBXGroup section */

/* Begin PBXNativeTarget section */
		30BB945927E93CFD00D95B30 /* Desafio21-03-2022 */ = {
			isa = PBXNativeTarget;
			buildConfigurationList = 30BB946E27E93CFE00D95B30 /* Build configuration list for PBXNativeTarget "Desafio21-03-2022" */;
			buildPhases = (
				30BB945627E93CFD00D95B30 /* Sources */,
				30BB945727E93CFD00D95B30 /* Frameworks */,
				30BB945827E93CFD00D95B30 /* Resources */,
			);
			buildRules = (
			);
			dependencies = (
			);
			name = "Desafio21-03-2022";
			productName = "Desafio21-03-2022";
			productReference = 30BB945A27E93CFD00D95B30 /* Desafio21-03-2022.app */;
			productType = "com.apple.product-type.application";
		};
/* End PBXNativeTarget section */

/* Begin PBXProject section */
		30BB945227E93CFD00D95B30 /* Project object */ = {
			isa = PBXProject;
			attributes = {
				BuildIndependentTargetsInParallel = 1;
				LastSwiftUpdateCheck = 1320;
				LastUpgradeCheck = 1320;
				TargetAttributes = {
					30BB945927E93CFD00D95B30 = {
						CreatedOnToolsVersion = 13.2.1;
					};
				};
			};
			buildConfigurationList = 30BB945527E93CFD00D95B30 /* Build configuration list for PBXProject "Desafio21-03-2022" */;
			compatibilityVersion = "Xcode 13.0";
			developmentRegion = en;
			hasScannedForEncodings = 0;
			knownRegions = (
				en,
				Base,
			);
			mainGroup = 30BB945127E93CFD00D95B30;
			productRefGroup = 30BB945B27E93CFD00D95B30 /* Products */;
			projectDirPath = "";
			projectRoot = "";
			targets = (
				30BB945927E93CFD00D95B30 /* Desafio21-03-2022 */,
			);
		};
/* End PBXProject section */

/* Begin PBXResourcesBuildPhase section */
		30BB945827E93CFD00D95B30 /* Resources */ = {
			isa = PBXResourcesBuildPhase;
			buildActionMask = 2147483647;
			files = (
				30BB946A27E93CFE00D95B30 /* LaunchScreen.storyboard in Resources */,
				30BB946727E93CFE00D95B30 /* Assets.xcassets in Resources */,
				30BB946527E93CFD00D95B30 /* Main.storyboard in Resources */,
				30BB947527E93D4200D95B30 /* CustomCollectionViewCell.xib in Resources */,
			);
			runOnlyForDeploymentPostprocessing = 0;
		};
/* End PBXResourcesBuildPhase section */

/* Begin PBXSourcesBuildPhase section */
		30BB945627E93CFD00D95B30 /* Sources */ = {
			isa = PBXSourcesBuildPhase;
			buildActionMask = 2147483647;
			files = (
				30BB946227E93CFD00D95B30 /* ViewController.swift in Sources */,
				30BB945E27E93CFD00D95B30 /* AppDelegate.swift in Sources */,
				30BB946027E93CFD00D95B30 /* SceneDelegate.swift in Sources */,
				30BB947727E93EF700D95B30 /* Dados.swift in Sources */,
				30BB947427E93D4200D95B30 /* CustomCollectionViewCell.swift in Sources */,
			);
			runOnlyForDeploymentPostprocessing = 0;
		};
/* End PBXSourcesBuildPhase section */

/* Begin PBXVariantGroup section */
		30BB946327E93CFD00D95B30 /* Main.storyboard */ = {
			isa = PBXVariantGroup;
			children = (
				30BB946427E93CFD00D95B30 /* Base */,
			);
			name = Main.storyboard;
			sourceTree = "<group>";
		};
		30BB946827E93CFE00D95B30 /* LaunchScreen.storyboard */ = {
			isa = PBXVariantGroup;
			children = (
				30BB946927E93CFE00D95B30 /* Base */,
			);
			name = LaunchScreen.storyboard;
			sourceTree = "<group>";
		};
/* End PBXVariantGroup section */

/* Begin XCBuildConfiguration section */
		30BB946C27E93CFE00D95B30 /* Debug */ = {
			isa = XCBuildConfiguration;
			buildSettings = {
				ALWAYS_SEARCH_USER_PATHS = NO;
				CLANG_ANALYZER_NONNULL = YES;
				CLANG_ANALYZER_NUMBER_OBJECT_CONVERSION = YES_AGGRESSIVE;
				CLANG_CXX_LANGUAGE_STANDARD = "gnu++17";
				CLANG_CXX_LIBRARY = "libc++";
				CLANG_ENABLE_MODULES = YES;
				CLANG_ENABLE_OBJC_ARC = YES;
				CLANG_ENABLE_OBJC_WEAK = YES;
				CLANG_WARN_BLOCK_CAPTURE_AUTORELEASING = YES;
				CLANG_WARN_BOOL_CONVERSION = YES;
				CLANG_WARN_COMMA = YES;
				CLANG_WARN_CONSTANT_CONVERSION = YES;
				CLANG_WARN_DEPRECATED_OBJC_IMPLEMENTATIONS = YES;
				CLANG_WARN_DIRECT_OBJC_ISA_USAGE = YES_ERROR;
				CLANG_WARN_DOCUMENTATION_COMMENTS = YES;
				CLANG_WARN_EMPTY_BODY = YES;
				CLANG_WARN_ENUM_CONVERSION = YES;
				CLANG_WARN_INFINITE_RECURSION = YES;
				CLANG_WARN_INT_CONVERSION = YES;
				CLANG_WARN_NON_LITERAL_NULL_CONVERSION = YES;
				CLANG_WARN_OBJC_IMPLICIT_RETAIN_SELF = YES;
				CLANG_WARN_OBJC_LITERAL_CONVERSION = YES;
				CLANG_WARN_OBJC_ROOT_CLASS = YES_ERROR;
				CLANG_WARN_QUOTED_INCLUDE_IN_FRAMEWORK_HEADER = YES;
				CLANG_WARN_RANGE_LOOP_ANALYSIS = YES;
				CLANG_WARN_STRICT_PROTOTYPES = YES;
				CLANG_WARN_SUSPICIOUS_MOVE = YES;
				CLANG_WARN_UNGUARDED_AVAILABILITY = YES_AGGRESSIVE;
				CLANG_WARN_UNREACHABLE_CODE = YES;
				CLANG_WARN__DUPLICATE_METHOD_MATCH = YES;
				COPY_PHASE_STRIP = NO;
				DEBUG_INFORMATION_FORMAT = dwarf;
				ENABLE_STRICT_OBJC_MSGSEND = YES;
				ENABLE_TESTABILITY = YES;
				GCC_C_LANGUAGE_STANDARD = gnu11;
				GCC_DYNAMIC_NO_PIC = NO;
				GCC_NO_COMMON_BLOCKS = YES;
				GCC_OPTIMIZATION_LEVEL = 0;
				GCC_PREPROCESSOR_DEFINITIONS = (
					"DEBUG=1",
					"$(inherited)",
				);
				GCC_WARN_64_TO_32_BIT_CONVERSION = YES;
				GCC_WARN_ABOUT_RETURN_TYPE = YES_ERROR;
				GCC_WARN_UNDECLARED_SELECTOR = YES;
				GCC_WARN_UNINITIALIZED_AUTOS = YES_AGGRESSIVE;
				GCC_WARN_UNUSED_FUNCTION = YES;
				GCC_WARN_UNUSED_VARIABLE = YES;
				IPHONEOS_DEPLOYMENT_TARGET = 15.2;
				MTL_ENABLE_DEBUG_INFO = INCLUDE_SOURCE;
				MTL_FAST_MATH = YES;
				ONLY_ACTIVE_ARCH = YES;
				SDKROOT = iphoneos;
				SWIFT_ACTIVE_COMPILATION_CONDITIONS = DEBUG;
				SWIFT_OPTIMIZATION_LEVEL = "-Onone";
			};
			name = Debug;
		};
		30BB946D27E93CFE00D95B30 /* Release */ = {
			isa = XCBuildConfiguration;
			buildSettings = {
				ALWAYS_SEARCH_USER_PATHS = NO;
				CLANG_ANALYZER_NONNULL = YES;
				CLANG_ANALYZER_NUMBER_OBJECT_CONVERSION = YES_AGGRESSIVE;
				CLANG_CXX_LANGUAGE_STANDARD = "gnu++17";
				CLANG_CXX_LIBRARY = "libc++";
				CLANG_ENABLE_MODULES = YES;
				CLANG_ENABLE_OBJC_ARC = YES;
				CLANG_ENABLE_OBJC_WEAK = YES;
				CLANG_WARN_BLOCK_CAPTURE_AUTORELEASING = YES;
				CLANG_WARN_BOOL_CONVERSION = YES;
				CLANG_WARN_COMMA = YES;
				CLANG_WARN_CONSTANT_CONVERSION = YES;
				CLANG_WARN_DEPRECATED_OBJC_IMPLEMENTATIONS = YES;
				CLANG_WARN_DIRECT_OBJC_ISA_USAGE = YES_ERROR;
				CLANG_WARN_DOCUMENTATION_COMMENTS = YES;
				CLANG_WARN_EMPTY_BODY = YES;
				CLANG_WARN_ENUM_CONVERSION = YES;
				CLANG_WARN_INFINITE_RECURSION = YES;
				CLANG_WARN_INT_CONVERSION = YES;
				CLANG_WARN_NON_LITERAL_NULL_CONVERSION = YES;
				CLANG_WARN_OBJC_IMPLICIT_RETAIN_SELF = YES;
				CLANG_WARN_OBJC_LITERAL_CONVERSION = YES;
				CLANG_WARN_OBJC_ROOT_CLASS = YES_ERROR;
				CLANG_WARN_QUOTED_INCLUDE_IN_FRAMEWORK_HEADER = YES;
				CLANG_WARN_RANGE_LOOP_ANALYSIS = YES;
				CLANG_WARN_STRICT_PROTOTYPES = YES;
				CLANG_WARN_SUSPICIOUS_MOVE = YES;
				CLANG_WARN_UNGUARDED_AVAILABILITY = YES_AGGRESSIVE;
				CLANG_WARN_UNREACHABLE_CODE = YES;
				CLANG_WARN__DUPLICATE_METHOD_MATCH = YES;
				COPY_PHASE_STRIP = NO;
				DEBUG_INFORMATION_FORMAT = "dwarf-with-dsym";
				ENABLE_NS_ASSERTIONS = NO;
				ENABLE_STRICT_OBJC_MSGSEND = YES;
				GCC_C_LANGUAGE_STANDARD = gnu11;
				GCC_NO_COMMON_BLOCKS = YES;
				GCC_WARN_64_TO_32_BIT_CONVERSION = YES;
				GCC_WARN_ABOUT_RETURN_TYPE = YES_ERROR;
				GCC_WARN_UNDECLARED_SELECTOR = YES;
				GCC_WARN_UNINITIALIZED_AUTOS = YES_AGGRESSIVE;
				GCC_WARN_UNUSED_FUNCTION = YES;
				GCC_WARN_UNUSED_VARIABLE = YES;
				IPHONEOS_DEPLOYMENT_TARGET = 15.2;
				MTL_ENABLE_DEBUG_INFO = NO;
				MTL_FAST_MATH = YES;
				SDKROOT = iphoneos;
				SWIFT_COMPILATION_MODE = wholemodule;
				SWIFT_OPTIMIZATION_LEVEL = "-O";
				VALIDATE_PRODUCT = YES;
			};
			name = Release;
		};
		30BB946F27E93CFE00D95B30 /* Debug */ = {
			isa = XCBuildConfiguration;
			buildSettings = {
				ASSETCATALOG_COMPILER_APPICON_NAME = AppIcon;
				ASSETCATALOG_COMPILER_GLOBAL_ACCENT_COLOR_NAME = AccentColor;
				CODE_SIGN_STYLE = Automatic;
				CURRENT_PROJECT_VERSION = 1;
				DEVELOPMENT_TEAM = 4ZASG5DZ7X;
				GENERATE_INFOPLIST_FILE = YES;
				INFOPLIST_FILE = "Desafio21-03-2022/Info.plist";
				INFOPLIST_KEY_UIApplicationSupportsIndirectInputEvents = YES;
				INFOPLIST_KEY_UILaunchStoryboardName = LaunchScreen;
				INFOPLIST_KEY_UIMainStoryboardFile = Main;
				INFOPLIST_KEY_UISupportedInterfaceOrientations = UIInterfaceOrientationPortrait;
				INFOPLIST_KEY_UISupportedInterfaceOrientations_iPad = "UIInterfaceOrientationPortrait UIInterfaceOrientationPortraitUpsideDown UIInterfaceOrientationLandscapeLeft UIInterfaceOrientationLandscapeRight";
				INFOPLIST_KEY_UISupportedInterfaceOrientations_iPhone = "UIInterfaceOrientationPortrait UIInterfaceOrientationLandscapeLeft UIInterfaceOrientationLandscapeRight";
				LD_RUNPATH_SEARCH_PATHS = (
					"$(inherited)",
					"@executable_path/Frameworks",
				);
				MARKETING_VERSION = 1.0;
				PRODUCT_BUNDLE_IDENTIFIER = "godev.Desafio21-03-2022";
				PRODUCT_NAME = "$(TARGET_NAME)";
				SWIFT_EMIT_LOC_STRINGS = YES;
				SWIFT_VERSION = 5.0;
				TARGETED_DEVICE_FAMILY = 1;
			};
			name = Debug;
		};
		30BB947027E93CFE00D95B30 /* Release */ = {
			isa = XCBuildConfiguration;
			buildSettings = {
				ASSETCATALOG_COMPILER_APPICON_NAME = AppIcon;
				ASSETCATALOG_COMPILER_GLOBAL_ACCENT_COLOR_NAME = AccentColor;
				CODE_SIGN_STYLE = Automatic;
				CURRENT_PROJECT_VERSION = 1;
				DEVELOPMENT_TEAM = 4ZASG5DZ7X;
				GENERATE_INFOPLIST_FILE = YES;
				INFOPLIST_FILE = "Desafio21-03-2022/Info.plist";
				INFOPLIST_KEY_UIApplicationSupportsIndirectInputEvents = YES;
				INFOPLIST_KEY_UILaunchStoryboardName = LaunchScreen;
				INFOPLIST_KEY_UIMainStoryboardFile = Main;
				INFOPLIST_KEY_UISupportedInterfaceOrientations = UIInterfaceOrientationPortrait;
				INFOPLIST_KEY_UISupportedInterfaceOrientations_iPad = "UIInterfaceOrientationPortrait UIInterfaceOrientationPortraitUpsideDown UIInterfaceOrientationLandscapeLeft UIInterfaceOrientationLandscapeRight";
				INFOPLIST_KEY_UISupportedInterfaceOrientations_iPhone = "UIInterfaceOrientationPortrait UIInterfaceOrientationLandscapeLeft UIInterfaceOrientationLandscapeRight";
				LD_RUNPATH_SEARCH_PATHS = (
					"$(inherited)",
					"@executable_path/Frameworks",
				);
				MARKETING_VERSION = 1.0;
				PRODUCT_BUNDLE_IDENTIFIER = "godev.Desafio21-03-2022";
				PRODUCT_NAME = "$(TARGET_NAME)";
				SWIFT_EMIT_LOC_STRINGS = YES;
				SWIFT_VERSION = 5.0;
				TARGETED_DEVICE_FAMILY = 1;
			};
			name = Release;
		};
/* End XCBuildConfiguration section */

/* Begin XCConfigurationList section */
		30BB945527E93CFD00D95B30 /* Build configuration list for PBXProject "Desafio21-03-2022" */ = {
			isa = XCConfigurationList;
			buildConfigurations = (
				30BB946C27E93CFE00D95B30 /* Debug */,
				30BB946D27E93CFE00D95B30 /* Release */,
			);
			defaultConfigurationIsVisible = 0;
			defaultConfigurationName = Release;
		};
		30BB946E27E93CFE00D95B30 /* Build configuration list for PBXNativeTarget "Desafio21-03-2022" */ = {
			isa = XCConfigurationList;
			buildConfigurations = (
				30BB946F27E93CFE00D95B30 /* Debug */,
				30BB947027E93CFE00D95B30 /* Release */,
			);
			defaultConfigurationIsVisible = 0;
			defaultConfigurationName = Release;
		};
/* End XCConfigurationList section */
	};
	rootObject = 30BB945227E93CFD00D95B30 /* Project object */;
}
